
Microsoft Visual Studio Solution File, Format Version 12.00
# Visual Studio Version 16
VisualStudioVersion = 16.0.32228.343
MinimumVisualStudioVersion = 10.0.40219.1
Project("{FAE04EC0-301F-11D3-BF4B-00C04F79EFBC}") = "OptimizationMethodsAndOperationsResearch", "OptimizationMethodsAndOperationsResearch\OptimizationMethodsAndOperationsResearch.csproj", "{EFF1B999-F1B7-48DD-BF0F-4BFEAB764D3A}"
EndProject
Global
	GlobalSection(SolutionConfigurationPlatforms) = preSolution
		Debug|Any CPU = Debug|Any CPU
		Release|Any CPU = Release|Any CPU
	EndGlobalSection
	GlobalSection(ProjectConfigurationPlatforms) = postSolution
		{EFF1B999-F1B7-48DD-BF0F-4BFEAB764D3A}.Debug|Any CPU.ActiveCfg = Debug|Any CPU
		{EFF1B999-F1B7-48DD-BF0F-4BFEAB764D3A}.Debug|Any CPU.Build.0 = Debug|Any CPU
		{EFF1B999-F1B7-48DD-BF0F-4BFEAB764D3A}.Release|Any CPU.ActiveCfg = Release|Any CPU
		{EFF1B999-F1B7-48DD-BF0F-4BFEAB764D3A}.Release|Any CPU.Build.0 = Release|Any CPU
	EndGlobalSection
	GlobalSection(SolutionProperties) = preSolution
		HideSolutionNode = FALSE
	EndGlobalSection
	GlobalSection(ExtensibilityGlobals) = postSolution
		SolutionGuid = {2A5DEBA0-AE4C-4320-A65A-BC9A266D65B8}
	EndGlobalSection
EndGlobal
